// !$*UTF8*$!
{
	archiveVersion = 1;
	classes = {
	};
	objectVersion = 46;
	objects = {

/* Begin PBXBuildFile section */
		37B37C6D1DA45D0C00B69076 /* AppDelegate.swift in Sources */ = {isa = PBXBuildFile; fileRef = 37B37C6C1DA45D0C00B69076 /* AppDelegate.swift */; };
		37B37C721DA45D0C00B69076 /* Main.storyboard in Resources */ = {isa = PBXBuildFile; fileRef = 37B37C701DA45D0C00B69076 /* Main.storyboard */; };
		37B37C741DA45D0C00B69076 /* Assets.xcassets in Resources */ = {isa = PBXBuildFile; fileRef = 37B37C731DA45D0C00B69076 /* Assets.xcassets */; };
		37B37C771DA45D0C00B69076 /* LaunchScreen.storyboard in Resources */ = {isa = PBXBuildFile; fileRef = 37B37C751DA45D0C00B69076 /* LaunchScreen.storyboard */; };
		DBF117551DA48BCD0071F6F8 /* TableViewController.swift in Sources */ = {isa = PBXBuildFile; fileRef = DBF117541DA48BCD0071F6F8 /* TableViewController.swift */; };
		DBF117581DA48D250071F6F8 /* CloudKit.framework in Frameworks */ = {isa = PBXBuildFile; fileRef = DBF117571DA48D250071F6F8 /* CloudKit.framework */; };
/* End PBXBuildFile section */

/* Begin PBXFileReference section */
		37B37C691DA45D0C00B69076 /* CloudKitApplication.app */ = {isa = PBXFileReference; explicitFileType = wrapper.application; includeInIndex = 0; path = CloudKitApplication.app; sourceTree = BUILT_PRODUCTS_DIR; };
		37B37C6C1DA45D0C00B69076 /* AppDelegate.swift */ = {isa = PBXFileReference; lastKnownFileType = sourcecode.swift; path = AppDelegate.swift; sourceTree = "<group>"; };
		37B37C711DA45D0C00B69076 /* Base */ = {isa = PBXFileReference; lastKnownFileType = file.storyboard; name = Base; path = Base.lproj/Main.storyboard; sourceTree = "<group>"; };
		37B37C731DA45D0C00B69076 /* Assets.xcassets */ = {isa = PBXFileReference; lastKnownFileType = folder.assetcatalog; path = Assets.xcassets; sourceTree = "<group>"; };
		37B37C761DA45D0C00B69076 /* Base */ = {isa = PBXFileReference; lastKnownFileType = file.storyboard; name = Base; path = Base.lproj/LaunchScreen.storyboard; sourceTree = "<group>"; };
		37B37C781DA45D0C00B69076 /* Info.plist */ = {isa = PBXFileReference; lastKnownFileType = text.plist.xml; path = Info.plist; sourceTree = "<group>"; };
		DBF117541DA48BCD0071F6F8 /* TableViewController.swift */ = {isa = PBXFileReference; fileEncoding = 4; lastKnownFileType = sourcecode.swift; name = TableViewController.swift; path = ../TableViewController.swift; sourceTree = "<group>"; };
		DBF117561DA48D200071F6F8 /* CloudKitApplication.entitlements */ = {isa = PBXFileReference; lastKnownFileType = text.xml; path = CloudKitApplication.entitlements; sourceTree = "<group>"; };
		DBF117571DA48D250071F6F8 /* CloudKit.framework */ = {isa = PBXFileReference; lastKnownFileType = wrapper.framework; name = CloudKit.framework; path = System/Library/Frameworks/CloudKit.framework; sourceTree = SDKROOT; };
/* End PBXFileReference section */

/* Begin PBXFrameworksBuildPhase section */
		37B37C661DA45D0C00B69076 /* Frameworks */ = {
			isa = PBXFrameworksBuildPhase;
			buildActionMask = 2147483647;
			files = (
				DBF117581DA48D250071F6F8 /* CloudKit.framework in Frameworks */,
			);
			runOnlyForDeploymentPostprocessing = 0;
		};
/* End PBXFrameworksBuildPhase section */

/* Begin PBXGroup section */
		37B37C601DA45D0C00B69076 = {
			isa = PBXGroup;
			children = (
				DBF117571DA48D250071F6F8 /* CloudKit.framework */,
				37B37C6B1DA45D0C00B69076 /* CloudKitApplication */,
				37B37C6A1DA45D0C00B69076 /* Products */,
			);
			sourceTree = "<group>";
		};
		37B37C6A1DA45D0C00B69076 /* Products */ = {
			isa = PBXGroup;
			children = (
				37B37C691DA45D0C00B69076 /* CloudKitApplication.app */,
			);
			name = Products;
			sourceTree = "<group>";
		};
		37B37C6B1DA45D0C00B69076 /* CloudKitApplication */ = {
			isa = PBXGroup;
			children = (
				DBF117561DA48D200071F6F8 /* CloudKitApplication.entitlements */,
				DBF117541DA48BCD0071F6F8 /* TableViewController.swift */,
				37B37C701DA45D0C00B69076 /* Main.storyboard */,
				37B37C6C1DA45D0C00B69076 /* AppDelegate.swift */,
				37B37C731DA45D0C00B69076 /* Assets.xcassets */,
				37B37C751DA45D0C00B69076 /* LaunchScreen.storyboard */,
				37B37C781DA45D0C00B69076 /* Info.plist */,
			);
			path = CloudKitApplication;
			sourceTree = "<group>";
		};
/* End PBXGroup section */

/* Begin PBXNativeTarget section */
		37B37C681DA45D0C00B69076 /* CloudKitApplication */ = {
			isa = PBXNativeTarget;
			buildConfigurationList = 37B37C7B1DA45D0C00B69076 /* Build configuration list for PBXNativeTarget "CloudKitApplication" */;
			buildPhases = (
				37B37C651DA45D0C00B69076 /* Sources */,
				37B37C661DA45D0C00B69076 /* Frameworks */,
				37B37C671DA45D0C00B69076 /* Resources */,
			);
			buildRules = (
			);
			dependencies = (
			);
			name = CloudKitApplication;
			productName = CloudKitApplication;
			productReference = 37B37C691DA45D0C00B69076 /* CloudKitApplication.app */;
			productType = "com.apple.product-type.application";
		};
/* End PBXNativeTarget section */

/* Begin PBXProject section */
		37B37C611DA45D0C00B69076 /* Project object */ = {
			isa = PBXProject;
			attributes = {
				LastSwiftUpdateCheck = 0730;
				LastUpgradeCheck = 0730;
				ORGANIZATIONNAME = "Michael Maczynski";
				TargetAttributes = {
					37B37C681DA45D0C00B69076 = {
						CreatedOnToolsVersion = 7.3.1;
						DevelopmentTeam = BWYT76Q3DS;
						LastSwiftMigration = 0810;
						SystemCapabilities = {
							com.apple.iCloud = {
								enabled = 1;
							};
						};
					};
				};
			};
			buildConfigurationList = 37B37C641DA45D0C00B69076 /* Build configuration list for PBXProject "CloudKitApplication" */;
			compatibilityVersion = "Xcode 3.2";
			developmentRegion = English;
			hasScannedForEncodings = 0;
			knownRegions = (
				en,
				Base,
			);
			mainGroup = 37B37C601DA45D0C00B69076;
			productRefGroup = 37B37C6A1DA45D0C00B69076 /* Products */;
			projectDirPath = "";
			projectRoot = "";
			targets = (
				37B37C681DA45D0C00B69076 /* CloudKitApplication */,
			);
		};
/* End PBXProject section */

/* Begin PBXResourcesBuildPhase section */
		37B37C671DA45D0C00B69076 /* Resources */ = {
			isa = PBXResourcesBuildPhase;
			buildActionMask = 2147483647;
			files = (
				37B37C771DA45D0C00B69076 /* LaunchScreen.storyboard in Resources */,
				37B37C741DA45D0C00B69076 /* Assets.xcassets in Resources */,
				37B37C721DA45D0C00B69076 /* Main.storyboard in Resources */,
			);
			runOnlyForDeploymentPostprocessing = 0;
		};
/* End PBXResourcesBuildPhase section */

/* Begin PBXSourcesBuildPhase section */
		37B37C651DA45D0C00B69076 /* Sources */ = {
			isa = PBXSourcesBuildPhase;
			buildActionMask = 2147483647;
			files = (
				37B37C6D1DA45D0C00B69076 /* AppDelegate.swift in Sources */,
				DBF117551DA48BCD0071F6F8 /* TableViewController.swift in Sources */,
			);
			runOnlyForDeploymentPostprocessing = 0;
		};
/* End PBXSourcesBuildPhase section */

/* Begin PBXVariantGroup section */
		37B37C701DA45D0C00B69076 /* Main.storyboard */ = {
			isa = PBXVariantGroup;
			children = (
				37B37C711DA45D0C00B69076 /* Base */,
			);
			name = Main.storyboard;
			sourceTree = "<group>";
		};
		37B37C751DA45D0C00B69076 /* LaunchScreen.storyboard */ = {
			isa = PBXVariantGroup;
			children = (
				37B37C761DA45D0C00B69076 /* Base */,
			);
			name = LaunchScreen.storyboard;
			sourceTree = "<group>";
		};
/* End PBXVariantGroup section */

/* Begin XCBuildConfiguration section */
		37B37C791DA45D0C00B69076 /* Debug */ = {
			isa = XCBuildConfiguration;
			buildSettings = {
				ALWAYS_SEARCH_USER_PATHS = NO;
				CLANG_ANALYZER_NONNULL = YES;
				CLANG_CXX_LANGUAGE_STANDARD = "gnu++0x";
				CLANG_CXX_LIBRARY = "libc++";
				CLANG_ENABLE_MODULES = YES;
				CLANG_ENABLE_OBJC_ARC = YES;
				CLANG_WARN_BOOL_CONVERSION = YES;
				CLANG_WARN_CONSTANT_CONVERSION = YES;
				CLANG_WARN_DIRECT_OBJC_ISA_USAGE = YES_ERROR;
				CLANG_WARN_EMPTY_BODY = YES;
				CLANG_WARN_ENUM_CONVERSION = YES;
				CLANG_WARN_INT_CONVERSION = YES;
				CLANG_WARN_OBJC_ROOT_CLASS = YES_ERROR;
				CLANG_WARN_UNREACHABLE_CODE = YES;
				CLANG_WARN__DUPLICATE_METHOD_MATCH = YES;
				"CODE_SIGN_IDENTITY[sdk=iphoneos*]" = "iPhone Developer";
				COPY_PHASE_STRIP = NO;
				DEBUG_INFORMATION_FORMAT = dwarf;
				ENABLE_STRICT_OBJC_MSGSEND = YES;
				ENABLE_TESTABILITY = YES;
				GCC_C_LANGUAGE_STANDARD = gnu99;
				GCC_DYNAMIC_NO_PIC = NO;
				GCC_NO_COMMON_BLOCKS = YES;
				GCC_OPTIMIZATION_LEVEL = 0;
				GCC_PREPROCESSOR_DEFINITIONS = (
					"DEBUG=1",
					"$(inherited)",
				);
				GCC_WARN_64_TO_32_BIT_CONVERSION = YES;
				GCC_WARN_ABOUT_RETURN_TYPE = YES_ERROR;
				GCC_WARN_UNDECLARED_SELECTOR = YES;
				GCC_WARN_UNINITIALIZED_AUTOS = YES_AGGRESSIVE;
				GCC_WARN_UNUSED_FUNCTION = YES;
				GCC_WARN_UNUSED_VARIABLE = YES;
				IPHONEOS_DEPLOYMENT_TARGET = 9.3;
				MTL_ENABLE_DEBUG_INFO = YES;
				ONLY_ACTIVE_ARCH = YES;
				SDKROOT = iphoneos;
				SWIFT_OPTIMIZATION_LEVEL = "-Onone";
				TARGETED_DEVICE_FAMILY = "1,2";
			};
			name = Debug;
		};
		37B37C7A1DA45D0C00B69076 /* Release */ = {
			isa = XCBuildConfiguration;
			buildSettings = {
				ALWAYS_SEARCH_USER_PATHS = NO;
				CLANG_ANALYZER_NONNULL = YES;
				CLANG_CXX_LANGUAGE_STANDARD = "gnu++0x";
				CLANG_CXX_LIBRARY = "libc++";
				CLANG_ENABLE_MODULES = YES;
				CLANG_ENABLE_OBJC_ARC = YES;
				CLANG_WARN_BOOL_CONVERSION = YES;
				CLANG_WARN_CONSTANT_CONVERSION = YES;
				CLANG_WARN_DIRECT_OBJC_ISA_USAGE = YES_ERROR;
				CLANG_WARN_EMPTY_BODY = YES;
				CLANG_WARN_ENUM_CONVERSION = YES;
				CLANG_WARN_INT_CONVERSION = YES;
				CLANG_WARN_OBJC_ROOT_CLASS = YES_ERROR;
				CLANG_WARN_UNREACHABLE_CODE = YES;
				CLANG_WARN__DUPLICATE_METHOD_MATCH = YES;
				"CODE_SIGN_IDENTITY[sdk=iphoneos*]" = "iPhone Developer";
				COPY_PHASE_STRIP = NO;
				DEBUG_INFORMATION_FORMAT = "dwarf-with-dsym";
				ENABLE_NS_ASSERTIONS = NO;
				ENABLE_STRICT_OBJC_MSGSEND = YES;
				GCC_C_LANGUAGE_STANDARD = gnu99;
				GCC_NO_COMMON_BLOCKS = YES;
				GCC_WARN_64_TO_32_BIT_CONVERSION = YES;
				GCC_WARN_ABOUT_RETURN_TYPE = YES_ERROR;
				GCC_WARN_UNDECLARED_SELECTOR = YES;
				GCC_WARN_UNINITIALIZED_AUTOS = YES_AGGRESSIVE;
				GCC_WARN_UNUSED_FUNCTION = YES;
				GCC_WARN_UNUSED_VARIABLE = YES;
				IPHONEOS_DEPLOYMENT_TARGET = 9.3;
				MTL_ENABLE_DEBUG_INFO = NO;
				SDKROOT = iphoneos;
				TARGETED_DEVICE_FAMILY = "1,2";
				VALIDATE_PRODUCT = YES;
			};
			name = Release;
		};
		37B37C7C1DA45D0C00B69076 /* Debug */ = {
			isa = XCBuildConfiguration;
			buildSettings = {
				ASSETCATALOG_COMPILER_APPICON_NAME = AppIcon;
				CODE_SIGN_ENTITLEMENTS = CloudKitApplication/CloudKitApplication.entitlements;
				CODE_SIGN_IDENTITY = "iPhone Developer";
				"CODE_SIGN_IDENTITY[sdk=iphoneos*]" = "iPhone Developer";
				INFOPLIST_FILE = CloudKitApplication/Info.plist;
				LD_RUNPATH_SEARCH_PATHS = "$(inherited) @executable_path/Frameworks";
				PRODUCT_BUNDLE_IDENTIFIER = org.jhhs.619238.CloudKit;
				PRODUCT_NAME = "$(TARGET_NAME)";
				PROVISIONING_PROFILE = "";
				SWIFT_VERSION = 2.3;
			};
			name = Debug;
		};
		37B37C7D1DA45D0C00B69076 /* Release */ = {
			isa = XCBuildConfiguration;
			buildSettings = {
				ASSETCATALOG_COMPILER_APPICON_NAME = AppIcon;
				CODE_SIGN_ENTITLEMENTS = CloudKitApplication/CloudKitApplication.entitlements;
				CODE_SIGN_IDENTITY = "iPhone Developer";
				"CODE_SIGN_IDENTITY[sdk=iphoneos*]" = "iPhone Developer";
				INFOPLIST_FILE = CloudKitApplication/Info.plist;
				LD_RUNPATH_SEARCH_PATHS = "$(inherited) @executable_path/Frameworks";
				PRODUCT_BUNDLE_IDENTIFIER = org.jhhs.619238.CloudKit;
				PRODUCT_NAME = "$(TARGET_NAME)";
				PROVISIONING_PROFILE = "";
				SWIFT_VERSION = 2.3;
			};
			name = Release;
		};
/* End XCBuildConfiguration section */

/* Begin XCConfigurationList section */
		37B37C641DA45D0C00B69076 /* Build configuration list for PBXProject "CloudKitApplication" */ = {
			isa = XCConfigurationList;
			buildConfigurations = (
				37B37C791DA45D0C00B69076 /* Debug */,
				37B37C7A1DA45D0C00B69076 /* Release */,
			);
			defaultConfigurationIsVisible = 0;
			defaultConfigurationName = Release;
		};
		37B37C7B1DA45D0C00B69076 /* Build configuration list for PBXNativeTarget "CloudKitApplication" */ = {
			isa = XCConfigurationList;
			buildConfigurations = (
				37B37C7C1DA45D0C00B69076 /* Debug */,
				37B37C7D1DA45D0C00B69076 /* Release */,
			);
			defaultConfigurationIsVisible = 0;
			defaultConfigurationName = Release;
		};
/* End XCConfigurationList section */
	};
	rootObject = 37B37C611DA45D0C00B69076 /* Project object */;
}
